{
  "originHash" : "907a390a26831822984d47c81f51bb84e5526dc25c02896dfe16200d59a6004a",
  "pins" : [
    {
      "identity" : "ezswiftdata",
      "kind" : "remoteSourceControl",
      "location" : "https://github.com/gomez1112/EZSwiftData",
      "state" : {
        "revision" : "04ff515c6b579b9035d936c28e28728be44ce583",
        "version" : "1.1.2"
      }
    },
    {
      "identity" : "flexstore",
      "kind" : "remoteSourceControl",
      "location" : "https://github.com/gomez1112/FlexStore",
      "state" : {
        "revision" : "27338bd0020b216c74a011a4fb520784ae392a1c",
        "version" : "1.2.0"
      }
    },
    {
      "identity" : "gentlenotification",
      "kind" : "remoteSourceControl",
      "location" : "https://github.com/gomez1112/GentleNotification",
      "state" : {
        "branch" : "main",
        "revision" : "3c8aa7bbc623d871c227ca9ad3bf14fa24628eea"
      }
    },
    {
      "identity" : "onboardingkit",
      "kind" : "remoteSourceControl",
      "location" : "https://github.com/gomez1112/OnboardingKit",
      "state" : {
        "revision" : "0280550b784f1097b5b452b72cb238ab3be5a84e",
        "version" : "1.2.2"
      }
    }
  ],
  "version" : 3
}
