// !$*UTF8*$!
{
	archiveVersion = 1;
	classes = {
	};
	objectVersion = 77;
	objects = {

/* Begin PBXBuildFile section */
		CC3BBE1A2FB8F7F600247EB6 /* GentleNotification in Frameworks */ = {isa = PBXBuildFile; productRef = CC3BBE192FB8F7F600247EB6 /* GentleNotification */; };
		CC3BBE1D2FB8F80800247EB6 /* OnboardingKit in Frameworks */ = {isa = PBXBuildFile; productRef = CC3BBE1C2FB8F80800247EB6 /* OnboardingKit */; };
		CC3BBE202FB8F81600247EB6 /* EZSwiftData in Frameworks */ = {isa = PBXBuildFile; productRef = CC3BBE1F2FB8F81600247EB6 /* EZSwiftData */; };
		CC3BBE232FB8F82600247EB6 /* FlexStore in Frameworks */ = {isa = PBXBuildFile; productRef = CC3BBE222FB8F82600247EB6 /* FlexStore */; };
/* End PBXBuildFile section */

/* Begin PBXFileReference section */
		CC273CF62FB8F45A006B4B89 /* Celmi.app */ = {isa = PBXFileReference; explicitFileType = wrapper.application; includeInIndex = 0; path = Celmi.app; sourceTree = BUILT_PRODUCTS_DIR; };
/* End PBXFileReference section */

/* Begin PBXFileSystemSynchronizedBuildFileExceptionSet section */
		CC3BBE172FB8F77C00247EB6 /* Exceptions for "Forget-Me-Not" folder in "Forget-Me-Not" target */ = {
			isa = PBXFileSystemSynchronizedBuildFileExceptionSet;
			membershipExceptions = (
				Info.plist,
			);
			target = CC273CF52FB8F45A006B4B89 /* Forget-Me-Not */;
		};
/* End PBXFileSystemSynchronizedBuildFileExceptionSet section */

/* Begin PBXFileSystemSynchronizedRootGroup section */
		CC273CF82FB8F45A006B4B89 /* Forget-Me-Not */ = {
			isa = PBXFileSystemSynchronizedRootGroup;
			exceptions = (
				CC3BBE172FB8F77C00247EB6 /* Exceptions for "Forget-Me-Not" folder in "Forget-Me-Not" target */,
			);
			path = "Forget-Me-Not";
			sourceTree = "<group>";
		};
/* End PBXFileSystemSynchronizedRootGroup section */

/* Begin PBXFrameworksBuildPhase section */
		CC273CF32FB8F45A006B4B89 /* Frameworks */ = {
			isa = PBXFrameworksBuildPhase;
			buildActionMask = 2147483647;
			files = (
				CC3BBE1D2FB8F80800247EB6 /* OnboardingKit in Frameworks */,
				CC3BBE232FB8F82600247EB6 /* FlexStore in Frameworks */,
				CC3BBE202FB8F81600247EB6 /* EZSwiftData in Frameworks */,
				CC3BBE1A2FB8F7F600247EB6 /* GentleNotification in Frameworks */,
			);
			runOnlyForDeploymentPostprocessing = 0;
		};
/* End PBXFrameworksBuildPhase section */

/* Begin PBXGroup section */
		CC273CED2FB8F45A006B4B89 = {
			isa = PBXGroup;
			children = (
				CC273CF82FB8F45A006B4B89 /* Forget-Me-Not */,
				CC273CF72FB8F45A006B4B89 /* Products */,
			);
			sourceTree = "<group>";
		};
		CC273CF72FB8F45A006B4B89 /* Products */ = {
			isa = PBXGroup;
			children = (
				CC273CF62FB8F45A006B4B89 /* Celmi.app */,
			);
			name = Products;
			sourceTree = "<group>";
		};
/* End PBXGroup section */

/* Begin PBXNativeTarget section */
		CC273CF52FB8F45A006B4B89 /* Forget-Me-Not */ = {
			isa = PBXNativeTarget;
			buildConfigurationList = CC273D012FB8F45B006B4B89 /* Build configuration list for PBXNativeTarget "Forget-Me-Not" */;
			buildPhases = (
				CC273CF22FB8F45A006B4B89 /* Sources */,
				CC273CF32FB8F45A006B4B89 /* Frameworks */,
				CC273CF42FB8F45A006B4B89 /* Resources */,
			);
			buildRules = (
			);
			dependencies = (
			);
			fileSystemSynchronizedGroups = (
				CC273CF82FB8F45A006B4B89 /* Forget-Me-Not */,
			);
			name = "Forget-Me-Not";
			packageProductDependencies = (
				CC3BBE192FB8F7F600247EB6 /* GentleNotification */,
				CC3BBE1C2FB8F80800247EB6 /* OnboardingKit */,
				CC3BBE1F2FB8F81600247EB6 /* EZSwiftData */,
				CC3BBE222FB8F82600247EB6 /* FlexStore */,
			);
			productName = "Forget-Me-Not";
			productReference = CC273CF62FB8F45A006B4B89 /* Celmi.app */;
			productType = "com.apple.product-type.application";
		};
/* End PBXNativeTarget section */

/* Begin PBXProject section */
		CC273CEE2FB8F45A006B4B89 /* Project object */ = {
			isa = PBXProject;
			attributes = {
				BuildIndependentTargetsInParallel = 1;
				LastSwiftUpdateCheck = 2640;
				LastUpgradeCheck = 2650;
				TargetAttributes = {
					CC273CF52FB8F45A006B4B89 = {
						CreatedOnToolsVersion = 26.4.1;
					};
				};
			};
			buildConfigurationList = CC273CF12FB8F45A006B4B89 /* Build configuration list for PBXProject "Forget-Me-Not" */;
			developmentRegion = en;
			hasScannedForEncodings = 0;
			knownRegions = (
				en,
				Base,
			);
			mainGroup = CC273CED2FB8F45A006B4B89;
			minimizedProjectReferenceProxies = 1;
			packageReferences = (
				CC3BBE182FB8F7F600247EB6 /* XCRemoteSwiftPackageReference "GentleNotification" */,
				CC3BBE1B2FB8F80800247EB6 /* XCRemoteSwiftPackageReference "OnboardingKit" */,
				CC3BBE1E2FB8F81600247EB6 /* XCRemoteSwiftPackageReference "EZSwiftData" */,
				CC3BBE212FB8F82600247EB6 /* XCRemoteSwiftPackageReference "FlexStore" */,
			);
			preferredProjectObjectVersion = 77;
			productRefGroup = CC273CF72FB8F45A006B4B89 /* Products */;
			projectDirPath = "";
			projectRoot = "";
			targets = (
				CC273CF52FB8F45A006B4B89 /* Forget-Me-Not */,
			);
		};
/* End PBXProject section */

/* Begin PBXResourcesBuildPhase section */
		CC273CF42FB8F45A006B4B89 /* Resources */ = {
			isa = PBXResourcesBuildPhase;
			buildActionMask = 2147483647;
			files = (
			);
			runOnlyForDeploymentPostprocessing = 0;
		};
/* End PBXResourcesBuildPhase section */

/* Begin PBXSourcesBuildPhase section */
		CC273CF22FB8F45A006B4B89 /* Sources */ = {
			isa = PBXSourcesBuildPhase;
			buildActionMask = 2147483647;
			files = (
			);
			runOnlyForDeploymentPostprocessing = 0;
		};
/* End PBXSourcesBuildPhase section */

/* Begin XCBuildConfiguration section */
		CC273CFF2FB8F45B006B4B89 /* Debug */ = {
			isa = XCBuildConfiguration;
			buildSettings = {
				ALWAYS_SEARCH_USER_PATHS = NO;
				ASSETCATALOG_COMPILER_GENERATE_SWIFT_ASSET_SYMBOL_EXTENSIONS = YES;
				CLANG_ANALYZER_NONNULL = YES;
				CLANG_ANALYZER_NUMBER_OBJECT_CONVERSION = YES_AGGRESSIVE;
				CLANG_CXX_LANGUAGE_STANDARD = "gnu++20";
				CLANG_ENABLE_MODULES = YES;
				CLANG_ENABLE_OBJC_ARC = YES;
				CLANG_ENABLE_OBJC_WEAK = YES;
				CLANG_WARN_BLOCK_CAPTURE_AUTORELEASING = YES;
				CLANG_WARN_BOOL_CONVERSION = YES;
				CLANG_WARN_COMMA = YES;
				CLANG_WARN_CONSTANT_CONVERSION = YES;
				CLANG_WARN_DEPRECATED_OBJC_IMPLEMENTATIONS = YES;
				CLANG_WARN_DIRECT_OBJC_ISA_USAGE = YES_ERROR;
				CLANG_WARN_DOCUMENTATION_COMMENTS = YES;
				CLANG_WARN_EMPTY_BODY = YES;
				CLANG_WARN_ENUM_CONVERSION = YES;
				CLANG_WARN_INFINITE_RECURSION = YES;
				CLANG_WARN_INT_CONVERSION = YES;
				CLANG_WARN_NON_LITERAL_NULL_CONVERSION = YES;
				CLANG_WARN_OBJC_IMPLICIT_RETAIN_SELF = YES;
				CLANG_WARN_OBJC_LITERAL_CONVERSION = YES;
				CLANG_WARN_OBJC_ROOT_CLASS = YES_ERROR;
				CLANG_WARN_QUOTED_INCLUDE_IN_FRAMEWORK_HEADER = YES;
				CLANG_WARN_RANGE_LOOP_ANALYSIS = YES;
				CLANG_WARN_STRICT_PROTOTYPES = YES;
				CLANG_WARN_SUSPICIOUS_MOVE = YES;
				CLANG_WARN_UNGUARDED_AVAILABILITY = YES_AGGRESSIVE;
				CLANG_WARN_UNREACHABLE_CODE = YES;
				CLANG_WARN__DUPLICATE_METHOD_MATCH = YES;
				COPY_PHASE_STRIP = NO;
				DEAD_CODE_STRIPPING = YES;
				DEBUG_INFORMATION_FORMAT = dwarf;
				DEVELOPMENT_TEAM = 88QL9VPLMY;
				ENABLE_STRICT_OBJC_MSGSEND = YES;
				ENABLE_TESTABILITY = YES;
				ENABLE_USER_SCRIPT_SANDBOXING = YES;
				GCC_C_LANGUAGE_STANDARD = gnu17;
				GCC_DYNAMIC_NO_PIC = NO;
				GCC_NO_COMMON_BLOCKS = YES;
				GCC_OPTIMIZATION_LEVEL = 0;
				GCC_PREPROCESSOR_DEFINITIONS = (
					"DEBUG=1",
					"$(inherited)",
				);
				GCC_WARN_64_TO_32_BIT_CONVERSION = YES;
				GCC_WARN_ABOUT_RETURN_TYPE = YES_ERROR;
				GCC_WARN_UNDECLARED_SELECTOR = YES;
				GCC_WARN_UNINITIALIZED_AUTOS = YES_AGGRESSIVE;
				GCC_WARN_UNUSED_FUNCTION = YES;
				GCC_WARN_UNUSED_VARIABLE = YES;
				LOCALIZATION_PREFERS_STRING_CATALOGS = YES;
				MTL_ENABLE_DEBUG_INFO = INCLUDE_SOURCE;
				MTL_FAST_MATH = YES;
				ONLY_ACTIVE_ARCH = YES;
				STRING_CATALOG_GENERATE_SYMBOLS = YES;
				SWIFT_ACTIVE_COMPILATION_CONDITIONS = "DEBUG $(inherited)";
				SWIFT_OPTIMIZATION_LEVEL = "-Onone";
			};
			name = Debug;
		};
		CC273D002FB8F45B006B4B89 /* Release */ = {
			isa = XCBuildConfiguration;
			buildSettings = {
				ALWAYS_SEARCH_USER_PATHS = NO;
				ASSETCATALOG_COMPILER_GENERATE_SWIFT_ASSET_SYMBOL_EXTENSIONS = YES;
				CLANG_ANALYZER_NONNULL = YES;
				CLANG_ANALYZER_NUMBER_OBJECT_CONVERSION = YES_AGGRESSIVE;
				CLANG_CXX_LANGUAGE_STANDARD = "gnu++20";
				CLANG_ENABLE_MODULES = YES;
				CLANG_ENABLE_OBJC_ARC = YES;
				CLANG_ENABLE_OBJC_WEAK = YES;
				CLANG_WARN_BLOCK_CAPTURE_AUTORELEASING = YES;
				CLANG_WARN_BOOL_CONVERSION = YES;
				CLANG_WARN_COMMA = YES;
				CLANG_WARN_CONSTANT_CONVERSION = YES;
				CLANG_WARN_DEPRECATED_OBJC_IMPLEMENTATIONS = YES;
				CLANG_WARN_DIRECT_OBJC_ISA_USAGE = YES_ERROR;
				CLANG_WARN_DOCUMENTATION_COMMENTS = YES;
				CLANG_WARN_EMPTY_BODY = YES;
				CLANG_WARN_ENUM_CONVERSION = YES;
				CLANG_WARN_INFINITE_RECURSION = YES;
				CLANG_WARN_INT_CONVERSION = YES;
				CLANG_WARN_NON_LITERAL_NULL_CONVERSION = YES;
				CLANG_WARN_OBJC_IMPLICIT_RETAIN_SELF = YES;
				CLANG_WARN_OBJC_LITERAL_CONVERSION = YES;
				CLANG_WARN_OBJC_ROOT_CLASS = YES_ERROR;
				CLANG_WARN_QUOTED_INCLUDE_IN_FRAMEWORK_HEADER = YES;
				CLANG_WARN_RANGE_LOOP_ANALYSIS = YES;
				CLANG_WARN_STRICT_PROTOTYPES = YES;
				CLANG_WARN_SUSPICIOUS_MOVE = YES;
				CLANG_WARN_UNGUARDED_AVAILABILITY = YES_AGGRESSIVE;
				CLANG_WARN_UNREACHABLE_CODE = YES;
				CLANG_WARN__DUPLICATE_METHOD_MATCH = YES;
				COPY_PHASE_STRIP = NO;
				DEAD_CODE_STRIPPING = YES;
				DEBUG_INFORMATION_FORMAT = "dwarf-with-dsym";
				DEVELOPMENT_TEAM = 88QL9VPLMY;
				ENABLE_NS_ASSERTIONS = NO;
				ENABLE_STRICT_OBJC_MSGSEND = YES;
				ENABLE_USER_SCRIPT_SANDBOXING = YES;
				GCC_C_LANGUAGE_STANDARD = gnu17;
				GCC_NO_COMMON_BLOCKS = YES;
				GCC_WARN_64_TO_32_BIT_CONVERSION = YES;
				GCC_WARN_ABOUT_RETURN_TYPE = YES_ERROR;
				GCC_WARN_UNDECLARED_SELECTOR = YES;
				GCC_WARN_UNINITIALIZED_AUTOS = YES_AGGRESSIVE;
				GCC_WARN_UNUSED_FUNCTION = YES;
				GCC_WARN_UNUSED_VARIABLE = YES;
				LOCALIZATION_PREFERS_STRING_CATALOGS = YES;
				MTL_ENABLE_DEBUG_INFO = NO;
				MTL_FAST_MATH = YES;
				STRING_CATALOG_GENERATE_SYMBOLS = YES;
				SWIFT_COMPILATION_MODE = wholemodule;
			};
			name = Release;
		};
		CC273D022FB8F45B006B4B89 /* Debug */ = {
			isa = XCBuildConfiguration;
			buildSettings = {
				ASSETCATALOG_COMPILER_APPICON_NAME = AppIcon;
				ASSETCATALOG_COMPILER_GLOBAL_ACCENT_COLOR_NAME = AccentColor;
				CODE_SIGN_ENTITLEMENTS = "Forget-Me-Not/Forget-Me-Not.entitlements";
				CODE_SIGN_STYLE = Automatic;
				CURRENT_PROJECT_VERSION = 1;
				DEAD_CODE_STRIPPING = YES;
				DEVELOPMENT_TEAM = 88QL9VPLMY;
				ENABLE_APP_SANDBOX = YES;
				ENABLE_HARDENED_RUNTIME = YES;
				ENABLE_PREVIEWS = YES;
				ENABLE_USER_SELECTED_FILES = readonly;
				GENERATE_INFOPLIST_FILE = YES;
				INFOPLIST_FILE = "Forget-Me-Not/Info.plist";
				INFOPLIST_KEY_LSApplicationCategoryType = "public.app-category.lifestyle";
				"INFOPLIST_KEY_UIApplicationSceneManifest_Generation[sdk=iphoneos*]" = YES;
				"INFOPLIST_KEY_UIApplicationSceneManifest_Generation[sdk=iphonesimulator*]" = YES;
				"INFOPLIST_KEY_UIApplicationSupportsIndirectInputEvents[sdk=iphoneos*]" = YES;
				"INFOPLIST_KEY_UIApplicationSupportsIndirectInputEvents[sdk=iphonesimulator*]" = YES;
				"INFOPLIST_KEY_UILaunchScreen_Generation[sdk=iphoneos*]" = YES;
				"INFOPLIST_KEY_UILaunchScreen_Generation[sdk=iphonesimulator*]" = YES;
				"INFOPLIST_KEY_UIStatusBarStyle[sdk=iphoneos*]" = UIStatusBarStyleDefault;
				"INFOPLIST_KEY_UIStatusBarStyle[sdk=iphonesimulator*]" = UIStatusBarStyleDefault;
				INFOPLIST_KEY_UISupportedInterfaceOrientations_iPad = "UIInterfaceOrientationPortrait UIInterfaceOrientationPortraitUpsideDown UIInterfaceOrientationLandscapeLeft UIInterfaceOrientationLandscapeRight";
				INFOPLIST_KEY_UISupportedInterfaceOrientations_iPhone = "UIInterfaceOrientationPortrait UIInterfaceOrientationLandscapeLeft UIInterfaceOrientationLandscapeRight";
				IPHONEOS_DEPLOYMENT_TARGET = 26.4;
				LD_RUNPATH_SEARCH_PATHS = "@executable_path/Frameworks";
				"LD_RUNPATH_SEARCH_PATHS[sdk=macosx*]" = "@executable_path/../Frameworks";
				MACOSX_DEPLOYMENT_TARGET = 26.4;
				MARKETING_VERSION = 1.0.0;
				PRODUCT_BUNDLE_IDENTIFIER = "com.transfinite.Forget-Me-Not";
				PRODUCT_NAME = Celmi;
				REGISTER_APP_GROUPS = YES;
				SDKROOT = auto;
				STRING_CATALOG_GENERATE_SYMBOLS = YES;
				SUPPORTED_PLATFORMS = "iphoneos iphonesimulator macosx";
				SUPPORTS_MACCATALYST = NO;
				SWIFT_APPROACHABLE_CONCURRENCY = YES;
				SWIFT_DEFAULT_ACTOR_ISOLATION = MainActor;
				SWIFT_EMIT_LOC_STRINGS = YES;
				SWIFT_UPCOMING_FEATURE_MEMBER_IMPORT_VISIBILITY = YES;
				SWIFT_VERSION = 6.0;
				TARGETED_DEVICE_FAMILY = "1,2";
				XROS_DEPLOYMENT_TARGET = 26.4;
			};
			name = Debug;
		};
		CC273D032FB8F45B006B4B89 /* Release */ = {
			isa = XCBuildConfiguration;
			buildSettings = {
				ASSETCATALOG_COMPILER_APPICON_NAME = AppIcon;
				ASSETCATALOG_COMPILER_GLOBAL_ACCENT_COLOR_NAME = AccentColor;
				CODE_SIGN_ENTITLEMENTS = "Forget-Me-Not/Forget-Me-Not.entitlements";
				CODE_SIGN_STYLE = Automatic;
				CURRENT_PROJECT_VERSION = 1;
				DEAD_CODE_STRIPPING = YES;
				DEVELOPMENT_TEAM = 88QL9VPLMY;
				ENABLE_APP_SANDBOX = YES;
				ENABLE_HARDENED_RUNTIME = YES;
				ENABLE_PREVIEWS = YES;
				ENABLE_USER_SELECTED_FILES = readonly;
				GENERATE_INFOPLIST_FILE = YES;
				INFOPLIST_FILE = "Forget-Me-Not/Info.plist";
				INFOPLIST_KEY_LSApplicationCategoryType = "public.app-category.lifestyle";
				"INFOPLIST_KEY_UIApplicationSceneManifest_Generation[sdk=iphoneos*]" = YES;
				"INFOPLIST_KEY_UIApplicationSceneManifest_Generation[sdk=iphonesimulator*]" = YES;
				"INFOPLIST_KEY_UIApplicationSupportsIndirectInputEvents[sdk=iphoneos*]" = YES;
				"INFOPLIST_KEY_UIApplicationSupportsIndirectInputEvents[sdk=iphonesimulator*]" = YES;
				"INFOPLIST_KEY_UILaunchScreen_Generation[sdk=iphoneos*]" = YES;
				"INFOPLIST_KEY_UILaunchScreen_Generation[sdk=iphonesimulator*]" = YES;
				"INFOPLIST_KEY_UIStatusBarStyle[sdk=iphoneos*]" = UIStatusBarStyleDefault;
				"INFOPLIST_KEY_UIStatusBarStyle[sdk=iphonesimulator*]" = UIStatusBarStyleDefault;
				INFOPLIST_KEY_UISupportedInterfaceOrientations_iPad = "UIInterfaceOrientationPortrait UIInterfaceOrientationPortraitUpsideDown UIInterfaceOrientationLandscapeLeft UIInterfaceOrientationLandscapeRight";
				INFOPLIST_KEY_UISupportedInterfaceOrientations_iPhone = "UIInterfaceOrientationPortrait UIInterfaceOrientationLandscapeLeft UIInterfaceOrientationLandscapeRight";
				IPHONEOS_DEPLOYMENT_TARGET = 26.4;
				LD_RUNPATH_SEARCH_PATHS = "@executable_path/Frameworks";
				"LD_RUNPATH_SEARCH_PATHS[sdk=macosx*]" = "@executable_path/../Frameworks";
				MACOSX_DEPLOYMENT_TARGET = 26.4;
				MARKETING_VERSION = 1.0.0;
				PRODUCT_BUNDLE_IDENTIFIER = "com.transfinite.Forget-Me-Not";
				PRODUCT_NAME = Celmi;
				REGISTER_APP_GROUPS = YES;
				SDKROOT = auto;
				STRING_CATALOG_GENERATE_SYMBOLS = YES;
				SUPPORTED_PLATFORMS = "iphoneos iphonesimulator macosx";
				SUPPORTS_MACCATALYST = NO;
				SWIFT_APPROACHABLE_CONCURRENCY = YES;
				SWIFT_DEFAULT_ACTOR_ISOLATION = MainActor;
				SWIFT_EMIT_LOC_STRINGS = YES;
				SWIFT_UPCOMING_FEATURE_MEMBER_IMPORT_VISIBILITY = YES;
				SWIFT_VERSION = 6.0;
				TARGETED_DEVICE_FAMILY = "1,2";
				XROS_DEPLOYMENT_TARGET = 26.4;
			};
			name = Release;
		};
/* End XCBuildConfiguration section */

/* Begin XCConfigurationList section */
		CC273CF12FB8F45A006B4B89 /* Build configuration list for PBXProject "Forget-Me-Not" */ = {
			isa = XCConfigurationList;
			buildConfigurations = (
				CC273CFF2FB8F45B006B4B89 /* Debug */,
				CC273D002FB8F45B006B4B89 /* Release */,
			);
			defaultConfigurationIsVisible = 0;
			defaultConfigurationName = Release;
		};
		CC273D012FB8F45B006B4B89 /* Build configuration list for PBXNativeTarget "Forget-Me-Not" */ = {
			isa = XCConfigurationList;
			buildConfigurations = (
				CC273D022FB8F45B006B4B89 /* Debug */,
				CC273D032FB8F45B006B4B89 /* Release */,
			);
			defaultConfigurationIsVisible = 0;
			defaultConfigurationName = Release;
		};
/* End XCConfigurationList section */

/* Begin XCRemoteSwiftPackageReference section */
		CC3BBE182FB8F7F600247EB6 /* XCRemoteSwiftPackageReference "GentleNotification" */ = {
			isa = XCRemoteSwiftPackageReference;
			repositoryURL = "https://github.com/gomez1112/GentleNotification";
			requirement = {
				branch = main;
				kind = branch;
			};
		};
		CC3BBE1B2FB8F80800247EB6 /* XCRemoteSwiftPackageReference "OnboardingKit" */ = {
			isa = XCRemoteSwiftPackageReference;
			repositoryURL = "https://github.com/gomez1112/OnboardingKit";
			requirement = {
				kind = upToNextMajorVersion;
				minimumVersion = 1.2.1;
			};
		};
		CC3BBE1E2FB8F81600247EB6 /* XCRemoteSwiftPackageReference "EZSwiftData" */ = {
			isa = XCRemoteSwiftPackageReference;
			repositoryURL = "https://github.com/gomez1112/EZSwiftData";
			requirement = {
				kind = upToNextMajorVersion;
				minimumVersion = 1.1.1;
			};
		};
		CC3BBE212FB8F82600247EB6 /* XCRemoteSwiftPackageReference "FlexStore" */ = {
			isa = XCRemoteSwiftPackageReference;
			repositoryURL = "https://github.com/gomez1112/FlexStore";
			requirement = {
				kind = upToNextMajorVersion;
				minimumVersion = 1.1.1;
			};
		};
/* End XCRemoteSwiftPackageReference section */

/* Begin XCSwiftPackageProductDependency section */
		CC3BBE192FB8F7F600247EB6 /* GentleNotification */ = {
			isa = XCSwiftPackageProductDependency;
			package = CC3BBE182FB8F7F600247EB6 /* XCRemoteSwiftPackageReference "GentleNotification" */;
			productName = GentleNotification;
		};
		CC3BBE1C2FB8F80800247EB6 /* OnboardingKit */ = {
			isa = XCSwiftPackageProductDependency;
			package = CC3BBE1B2FB8F80800247EB6 /* XCRemoteSwiftPackageReference "OnboardingKit" */;
			productName = OnboardingKit;
		};
		CC3BBE1F2FB8F81600247EB6 /* EZSwiftData */ = {
			isa = XCSwiftPackageProductDependency;
			package = CC3BBE1E2FB8F81600247EB6 /* XCRemoteSwiftPackageReference "EZSwiftData" */;
			productName = EZSwiftData;
		};
		CC3BBE222FB8F82600247EB6 /* FlexStore */ = {
			isa = XCSwiftPackageProductDependency;
			package = CC3BBE212FB8F82600247EB6 /* XCRemoteSwiftPackageReference "FlexStore" */;
			productName = FlexStore;
		};
/* End XCSwiftPackageProductDependency section */
	};
	rootObject = CC273CEE2FB8F45A006B4B89 /* Project object */;
}
