// !$*UTF8*$!
{
	archiveVersion = 1;
	classes = {
	};
	objectVersion = 77;
	objects = {

/* Begin PBXBuildFile section */
		CC3BBE1A2FB8F7F600247EB6 /* GentleNotification in Frameworks */ = {isa = PBXBuildFile; productRef = CC3BBE192FB8F7F600247EB6 /* GentleNotification */; };
		CC3BBE1D2FB8F80800247EB6 /* OnboardingKit in Frameworks */ = {isa = PBXBuildFile; productRef = CC3BBE1C2FB8F80800247EB6 /* OnboardingKit */; };
		CC3BBE202FB8F81600247EB6 /* EZSwiftData in Frameworks */ = {isa = PBXBuildFile; productRef = CC3BBE1F2FB8F81600247EB6 /* EZSwiftData */; };
		CC3BBE232FB8F82600247EB6 /* FlexStore in Frameworks */ = {isa = PBXBuildFile; productRef = CC3BBE222FB8F82600247EB6 /* FlexStore */; };
		CC4C00012FB9000000247EB6 /* CelmiWidgetExtension.appex in Embed App Extensions */ = {isa = PBXBuildFile; fileRef = CC4C00032FB9000000247EB6 /* CelmiWidgetExtension.appex */; settings = {ATTRIBUTES = (RemoveHeadersOnCopy, ); }; };
/* End PBXBuildFile section */

/* Begin PBXContainerItemProxy section */
		CC3BBE2F2FB8FF0500247EB6 /* PBXContainerItemProxy */ = {
			isa = PBXContainerItemProxy;
			containerPortal = CC273CEE2FB8F45A006B4B89 /* Project object */;
			proxyType = 1;
			remoteGlobalIDString = CC273CF52FB8F45A006B4B89;
			remoteInfo = Celmi;
		};
		CC4C00022FB9000000247EB6 /* PBXContainerItemProxy */ = {
			isa = PBXContainerItemProxy;
			containerPortal = CC273CEE2FB8F45A006B4B89 /* Project object */;
			proxyType = 1;
			remoteGlobalIDString = CC4C00082FB9000000247EB6;
			remoteInfo = CelmiWidgetExtension;
		};
/* End PBXContainerItemProxy section */

/* Begin PBXFileReference section */
		CC273CF62FB8F45A006B4B89 /* Celmi.app */ = {isa = PBXFileReference; explicitFileType = wrapper.application; includeInIndex = 0; path = Celmi.app; sourceTree = BUILT_PRODUCTS_DIR; };
		CC3BBE2B2FB8FF0500247EB6 /* CelmiTests.xctest */ = {isa = PBXFileReference; explicitFileType = wrapper.cfbundle; includeInIndex = 0; path = CelmiTests.xctest; sourceTree = BUILT_PRODUCTS_DIR; };
		CC4C00032FB9000000247EB6 /* CelmiWidgetExtension.appex */ = {isa = PBXFileReference; explicitFileType = "wrapper.app-extension"; includeInIndex = 0; path = CelmiWidgetExtension.appex; sourceTree = BUILT_PRODUCTS_DIR; };
/* End PBXFileReference section */

/* Begin PBXFileSystemSynchronizedBuildFileExceptionSet section */
		CC3BBE172FB8F77C00247EB6 /* Exceptions for "Celmi" folder in "Celmi" target */ = {
			isa = PBXFileSystemSynchronizedBuildFileExceptionSet;
			membershipExceptions = (
				Info.plist,
			);
			target = CC273CF52FB8F45A006B4B89 /* Celmi */;
		};
		CC4C00042FB9000000247EB6 /* Exceptions for "CelmiWidgetExtension" folder in "CelmiWidgetExtension" target */ = {
			isa = PBXFileSystemSynchronizedBuildFileExceptionSet;
			membershipExceptions = (
				CelmiWidgetExtension.entitlements,
				Info.plist,
			);
			target = CC4C00082FB9000000247EB6 /* CelmiWidgetExtension */;
		};
/* End PBXFileSystemSynchronizedBuildFileExceptionSet section */

/* Begin PBXFileSystemSynchronizedRootGroup section */
		CC273CF82FB8F45A006B4B89 /* Celmi */ = {
			isa = PBXFileSystemSynchronizedRootGroup;
			exceptions = (
				CC3BBE172FB8F77C00247EB6 /* Exceptions for "Celmi" folder in "Celmi" target */,
			);
			path = Celmi;
			sourceTree = "<group>";
		};
		CC3BBE2C2FB8FF0500247EB6 /* CelmiTests */ = {
			isa = PBXFileSystemSynchronizedRootGroup;
			path = CelmiTests;
			sourceTree = "<group>";
		};
		CC4C00052FB9000000247EB6 /* CelmiWidgetExtension */ = {
			isa = PBXFileSystemSynchronizedRootGroup;
			exceptions = (
				CC4C00042FB9000000247EB6 /* Exceptions for "CelmiWidgetExtension" folder in "CelmiWidgetExtension" target */,
			);
			path = CelmiWidgetExtension;
			sourceTree = "<group>";
		};
/* End PBXFileSystemSynchronizedRootGroup section */

/* Begin PBXFrameworksBuildPhase section */
		CC273CF32FB8F45A006B4B89 /* Frameworks */ = {
			isa = PBXFrameworksBuildPhase;
			buildActionMask = 2147483647;
			files = (
				CC3BBE1D2FB8F80800247EB6 /* OnboardingKit in Frameworks */,
				CC3BBE232FB8F82600247EB6 /* FlexStore in Frameworks */,
				CC3BBE202FB8F81600247EB6 /* EZSwiftData in Frameworks */,
				CC3BBE1A2FB8F7F600247EB6 /* GentleNotification in Frameworks */,
			);
			runOnlyForDeploymentPostprocessing = 0;
		};
		CC3BBE282FB8FF0500247EB6 /* Frameworks */ = {
			isa = PBXFrameworksBuildPhase;
			buildActionMask = 2147483647;
			files = (
			);
			runOnlyForDeploymentPostprocessing = 0;
		};
		CC4C00062FB9000000247EB6 /* Frameworks */ = {
			isa = PBXFrameworksBuildPhase;
			buildActionMask = 2147483647;
			files = (
			);
			runOnlyForDeploymentPostprocessing = 0;
		};
/* End PBXFrameworksBuildPhase section */

/* Begin PBXGroup section */
		CC273CED2FB8F45A006B4B89 = {
			isa = PBXGroup;
			children = (
				CC273CF82FB8F45A006B4B89 /* Celmi */,
				CC3BBE2C2FB8FF0500247EB6 /* CelmiTests */,
				CC4C00052FB9000000247EB6 /* CelmiWidgetExtension */,
				CC273CF72FB8F45A006B4B89 /* Products */,
			);
			sourceTree = "<group>";
		};
		CC273CF72FB8F45A006B4B89 /* Products */ = {
			isa = PBXGroup;
			children = (
				CC273CF62FB8F45A006B4B89 /* Celmi.app */,
				CC3BBE2B2FB8FF0500247EB6 /* CelmiTests.xctest */,
				CC4C00032FB9000000247EB6 /* CelmiWidgetExtension.appex */,
			);
			name = Products;
			sourceTree = "<group>";
		};
/* End PBXGroup section */

/* Begin PBXNativeTarget section */
		CC273CF52FB8F45A006B4B89 /* Celmi */ = {
			isa = PBXNativeTarget;
			buildConfigurationList = CC273D012FB8F45B006B4B89 /* Build configuration list for PBXNativeTarget "Celmi" */;
			buildPhases = (
				CC273CF22FB8F45A006B4B89 /* Sources */,
				CC273CF32FB8F45A006B4B89 /* Frameworks */,
				CC273CF42FB8F45A006B4B89 /* Resources */,
				CC4C00072FB9000000247EB6 /* Embed App Extensions */,
			);
			buildRules = (
			);
			dependencies = (
				CC4C000B2FB9000000247EB6 /* PBXTargetDependency */,
			);
			fileSystemSynchronizedGroups = (
				CC273CF82FB8F45A006B4B89 /* Celmi */,
			);
			name = Celmi;
			packageProductDependencies = (
				CC3BBE192FB8F7F600247EB6 /* GentleNotification */,
				CC3BBE1C2FB8F80800247EB6 /* OnboardingKit */,
				CC3BBE1F2FB8F81600247EB6 /* EZSwiftData */,
				CC3BBE222FB8F82600247EB6 /* FlexStore */,
			);
			productName = Celmi;
			productReference = CC273CF62FB8F45A006B4B89 /* Celmi.app */;
			productType = "com.apple.product-type.application";
		};
		CC3BBE2A2FB8FF0500247EB6 /* CelmiTests */ = {
			isa = PBXNativeTarget;
			buildConfigurationList = CC3BBE312FB8FF0500247EB6 /* Build configuration list for PBXNativeTarget "CelmiTests" */;
			buildPhases = (
				CC3BBE272FB8FF0500247EB6 /* Sources */,
				CC3BBE282FB8FF0500247EB6 /* Frameworks */,
				CC3BBE292FB8FF0500247EB6 /* Resources */,
			);
			buildRules = (
			);
			dependencies = (
				CC3BBE302FB8FF0500247EB6 /* PBXTargetDependency */,
			);
			fileSystemSynchronizedGroups = (
				CC3BBE2C2FB8FF0500247EB6 /* CelmiTests */,
			);
			name = CelmiTests;
			packageProductDependencies = (
			);
			productName = CelmiTests;
			productReference = CC3BBE2B2FB8FF0500247EB6 /* CelmiTests.xctest */;
			productType = "com.apple.product-type.bundle.unit-test";
		};
		CC4C00082FB9000000247EB6 /* CelmiWidgetExtension */ = {
			isa = PBXNativeTarget;
			buildConfigurationList = CC4C000E2FB9000000247EB6 /* Build configuration list for PBXNativeTarget "CelmiWidgetExtension" */;
			buildPhases = (
				CC4C000A2FB9000000247EB6 /* Sources */,
				CC4C00062FB9000000247EB6 /* Frameworks */,
				CC4C00092FB9000000247EB6 /* Resources */,
			);
			buildRules = (
			);
			dependencies = (
			);
			fileSystemSynchronizedGroups = (
				CC4C00052FB9000000247EB6 /* CelmiWidgetExtension */,
			);
			name = CelmiWidgetExtension;
			packageProductDependencies = (
			);
			productName = CelmiWidgetExtension;
			productReference = CC4C00032FB9000000247EB6 /* CelmiWidgetExtension.appex */;
			productType = "com.apple.product-type.app-extension";
		};
/* End PBXNativeTarget section */

/* Begin PBXProject section */
		CC273CEE2FB8F45A006B4B89 /* Project object */ = {
			isa = PBXProject;
			attributes = {
				BuildIndependentTargetsInParallel = 1;
				LastSwiftUpdateCheck = 2650;
				LastUpgradeCheck = 2650;
				TargetAttributes = {
					CC273CF52FB8F45A006B4B89 = {
						CreatedOnToolsVersion = 26.4.1;
					};
					CC3BBE2A2FB8FF0500247EB6 = {
						CreatedOnToolsVersion = 26.5;
						TestTargetID = CC273CF52FB8F45A006B4B89;
					};
					CC4C00082FB9000000247EB6 = {
						CreatedOnToolsVersion = 26.5;
					};
				};
			};
			buildConfigurationList = CC273CF12FB8F45A006B4B89 /* Build configuration list for PBXProject "Celmi" */;
			developmentRegion = en;
			hasScannedForEncodings = 0;
			knownRegions = (
				en,
				Base,
			);
			mainGroup = CC273CED2FB8F45A006B4B89;
			minimizedProjectReferenceProxies = 1;
			packageReferences = (
				CC3BBE182FB8F7F600247EB6 /* XCRemoteSwiftPackageReference "GentleNotification" */,
				CC3BBE1B2FB8F80800247EB6 /* XCRemoteSwiftPackageReference "OnboardingKit" */,
				CC3BBE1E2FB8F81600247EB6 /* XCRemoteSwiftPackageReference "EZSwiftData" */,
				CC3BBE212FB8F82600247EB6 /* XCRemoteSwiftPackageReference "FlexStore" */,
			);
			preferredProjectObjectVersion = 77;
			productRefGroup = CC273CF72FB8F45A006B4B89 /* Products */;
			projectDirPath = "";
			projectRoot = "";
			targets = (
				CC273CF52FB8F45A006B4B89 /* Celmi */,
				CC3BBE2A2FB8FF0500247EB6 /* CelmiTests */,
				CC4C00082FB9000000247EB6 /* CelmiWidgetExtension */,
			);
		};
/* End PBXProject section */

/* Begin PBXCopyFilesBuildPhase section */
		CC4C00072FB9000000247EB6 /* Embed App Extensions */ = {
			isa = PBXCopyFilesBuildPhase;
			buildActionMask = 2147483647;
			dstPath = "";
			dstSubfolderSpec = 13;
			files = (
				CC4C00012FB9000000247EB6 /* CelmiWidgetExtension.appex in Embed App Extensions */,
			);
			name = "Embed App Extensions";
			runOnlyForDeploymentPostprocessing = 0;
		};
/* End PBXCopyFilesBuildPhase section */

/* Begin PBXResourcesBuildPhase section */
		CC273CF42FB8F45A006B4B89 /* Resources */ = {
			isa = PBXResourcesBuildPhase;
			buildActionMask = 2147483647;
			files = (
			);
			runOnlyForDeploymentPostprocessing = 0;
		};
		CC3BBE292FB8FF0500247EB6 /* Resources */ = {
			isa = PBXResourcesBuildPhase;
			buildActionMask = 2147483647;
			files = (
			);
			runOnlyForDeploymentPostprocessing = 0;
		};
		CC4C00092FB9000000247EB6 /* Resources */ = {
			isa = PBXResourcesBuildPhase;
			buildActionMask = 2147483647;
			files = (
			);
			runOnlyForDeploymentPostprocessing = 0;
		};
/* End PBXResourcesBuildPhase section */

/* Begin PBXSourcesBuildPhase section */
		CC273CF22FB8F45A006B4B89 /* Sources */ = {
			isa = PBXSourcesBuildPhase;
			buildActionMask = 2147483647;
			files = (
			);
			runOnlyForDeploymentPostprocessing = 0;
		};
		CC3BBE272FB8FF0500247EB6 /* Sources */ = {
			isa = PBXSourcesBuildPhase;
			buildActionMask = 2147483647;
			files = (
			);
			runOnlyForDeploymentPostprocessing = 0;
		};
		CC4C000A2FB9000000247EB6 /* Sources */ = {
			isa = PBXSourcesBuildPhase;
			buildActionMask = 2147483647;
			files = (
			);
			runOnlyForDeploymentPostprocessing = 0;
		};
/* End PBXSourcesBuildPhase section */

/* Begin PBXTargetDependency section */
		CC3BBE302FB8FF0500247EB6 /* PBXTargetDependency */ = {
			isa = PBXTargetDependency;
			target = CC273CF52FB8F45A006B4B89 /* Celmi */;
			targetProxy = CC3BBE2F2FB8FF0500247EB6 /* PBXContainerItemProxy */;
		};
		CC4C000B2FB9000000247EB6 /* PBXTargetDependency */ = {
			isa = PBXTargetDependency;
			target = CC4C00082FB9000000247EB6 /* CelmiWidgetExtension */;
			targetProxy = CC4C00022FB9000000247EB6 /* PBXContainerItemProxy */;
		};
/* End PBXTargetDependency section */

/* Begin XCBuildConfiguration section */
		CC273CFF2FB8F45B006B4B89 /* Debug */ = {
			isa = XCBuildConfiguration;
			buildSettings = {
				ALWAYS_SEARCH_USER_PATHS = NO;
				ASSETCATALOG_COMPILER_GENERATE_SWIFT_ASSET_SYMBOL_EXTENSIONS = YES;
				CLANG_ANALYZER_NONNULL = YES;
				CLANG_ANALYZER_NUMBER_OBJECT_CONVERSION = YES_AGGRESSIVE;
				CLANG_CXX_LANGUAGE_STANDARD = "gnu++20";
				CLANG_ENABLE_MODULES = YES;
				CLANG_ENABLE_OBJC_ARC = YES;
				CLANG_ENABLE_OBJC_WEAK = YES;
				CLANG_WARN_BLOCK_CAPTURE_AUTORELEASING = YES;
				CLANG_WARN_BOOL_CONVERSION = YES;
				CLANG_WARN_COMMA = YES;
				CLANG_WARN_CONSTANT_CONVERSION = YES;
				CLANG_WARN_DEPRECATED_OBJC_IMPLEMENTATIONS = YES;
				CLANG_WARN_DIRECT_OBJC_ISA_USAGE = YES_ERROR;
				CLANG_WARN_DOCUMENTATION_COMMENTS = YES;
				CLANG_WARN_EMPTY_BODY = YES;
				CLANG_WARN_ENUM_CONVERSION = YES;
				CLANG_WARN_INFINITE_RECURSION = YES;
				CLANG_WARN_INT_CONVERSION = YES;
				CLANG_WARN_NON_LITERAL_NULL_CONVERSION = YES;
				CLANG_WARN_OBJC_IMPLICIT_RETAIN_SELF = YES;
				CLANG_WARN_OBJC_LITERAL_CONVERSION = YES;
				CLANG_WARN_OBJC_ROOT_CLASS = YES_ERROR;
				CLANG_WARN_QUOTED_INCLUDE_IN_FRAMEWORK_HEADER = YES;
				CLANG_WARN_RANGE_LOOP_ANALYSIS = YES;
				CLANG_WARN_STRICT_PROTOTYPES = YES;
				CLANG_WARN_SUSPICIOUS_MOVE = YES;
				CLANG_WARN_UNGUARDED_AVAILABILITY = YES_AGGRESSIVE;
				CLANG_WARN_UNREACHABLE_CODE = YES;
				CLANG_WARN__DUPLICATE_METHOD_MATCH = YES;
				COPY_PHASE_STRIP = NO;
				DEAD_CODE_STRIPPING = YES;
				DEBUG_INFORMATION_FORMAT = dwarf;
				DEVELOPMENT_TEAM = 88QL9VPLMY;
				ENABLE_STRICT_OBJC_MSGSEND = YES;
				ENABLE_TESTABILITY = YES;
				ENABLE_USER_SCRIPT_SANDBOXING = YES;
				GCC_C_LANGUAGE_STANDARD = gnu17;
				GCC_DYNAMIC_NO_PIC = NO;
				GCC_NO_COMMON_BLOCKS = YES;
				GCC_OPTIMIZATION_LEVEL = 0;
				GCC_PREPROCESSOR_DEFINITIONS = (
					"DEBUG=1",
					"$(inherited)",
				);
				GCC_WARN_64_TO_32_BIT_CONVERSION = YES;
				GCC_WARN_ABOUT_RETURN_TYPE = YES_ERROR;
				GCC_WARN_UNDECLARED_SELECTOR = YES;
				GCC_WARN_UNINITIALIZED_AUTOS = YES_AGGRESSIVE;
				GCC_WARN_UNUSED_FUNCTION = YES;
				GCC_WARN_UNUSED_VARIABLE = YES;
				LOCALIZATION_PREFERS_STRING_CATALOGS = YES;
				MTL_ENABLE_DEBUG_INFO = INCLUDE_SOURCE;
				MTL_FAST_MATH = YES;
				ONLY_ACTIVE_ARCH = YES;
				STRING_CATALOG_GENERATE_SYMBOLS = YES;
				SWIFT_ACTIVE_COMPILATION_CONDITIONS = "DEBUG $(inherited)";
				SWIFT_OPTIMIZATION_LEVEL = "-Onone";
			};
			name = Debug;
		};
		CC273D002FB8F45B006B4B89 /* Release */ = {
			isa = XCBuildConfiguration;
			buildSettings = {
				ALWAYS_SEARCH_USER_PATHS = NO;
				ASSETCATALOG_COMPILER_GENERATE_SWIFT_ASSET_SYMBOL_EXTENSIONS = YES;
				CLANG_ANALYZER_NONNULL = YES;
				CLANG_ANALYZER_NUMBER_OBJECT_CONVERSION = YES_AGGRESSIVE;
				CLANG_CXX_LANGUAGE_STANDARD = "gnu++20";
				CLANG_ENABLE_MODULES = YES;
				CLANG_ENABLE_OBJC_ARC = YES;
				CLANG_ENABLE_OBJC_WEAK = YES;
				CLANG_WARN_BLOCK_CAPTURE_AUTORELEASING = YES;
				CLANG_WARN_BOOL_CONVERSION = YES;
				CLANG_WARN_COMMA = YES;
				CLANG_WARN_CONSTANT_CONVERSION = YES;
				CLANG_WARN_DEPRECATED_OBJC_IMPLEMENTATIONS = YES;
				CLANG_WARN_DIRECT_OBJC_ISA_USAGE = YES_ERROR;
				CLANG_WARN_DOCUMENTATION_COMMENTS = YES;
				CLANG_WARN_EMPTY_BODY = YES;
				CLANG_WARN_ENUM_CONVERSION = YES;
				CLANG_WARN_INFINITE_RECURSION = YES;
				CLANG_WARN_INT_CONVERSION = YES;
				CLANG_WARN_NON_LITERAL_NULL_CONVERSION = YES;
				CLANG_WARN_OBJC_IMPLICIT_RETAIN_SELF = YES;
				CLANG_WARN_OBJC_LITERAL_CONVERSION = YES;
				CLANG_WARN_OBJC_ROOT_CLASS = YES_ERROR;
				CLANG_WARN_QUOTED_INCLUDE_IN_FRAMEWORK_HEADER = YES;
				CLANG_WARN_RANGE_LOOP_ANALYSIS = YES;
				CLANG_WARN_STRICT_PROTOTYPES = YES;
				CLANG_WARN_SUSPICIOUS_MOVE = YES;
				CLANG_WARN_UNGUARDED_AVAILABILITY = YES_AGGRESSIVE;
				CLANG_WARN_UNREACHABLE_CODE = YES;
				CLANG_WARN__DUPLICATE_METHOD_MATCH = YES;
				COPY_PHASE_STRIP = NO;
				DEAD_CODE_STRIPPING = YES;
				DEBUG_INFORMATION_FORMAT = "dwarf-with-dsym";
				DEVELOPMENT_TEAM = 88QL9VPLMY;
				ENABLE_NS_ASSERTIONS = NO;
				ENABLE_STRICT_OBJC_MSGSEND = YES;
				ENABLE_USER_SCRIPT_SANDBOXING = YES;
				GCC_C_LANGUAGE_STANDARD = gnu17;
				GCC_NO_COMMON_BLOCKS = YES;
				GCC_WARN_64_TO_32_BIT_CONVERSION = YES;
				GCC_WARN_ABOUT_RETURN_TYPE = YES_ERROR;
				GCC_WARN_UNDECLARED_SELECTOR = YES;
				GCC_WARN_UNINITIALIZED_AUTOS = YES_AGGRESSIVE;
				GCC_WARN_UNUSED_FUNCTION = YES;
				GCC_WARN_UNUSED_VARIABLE = YES;
				LOCALIZATION_PREFERS_STRING_CATALOGS = YES;
				MTL_ENABLE_DEBUG_INFO = NO;
				MTL_FAST_MATH = YES;
				STRING_CATALOG_GENERATE_SYMBOLS = YES;
				SWIFT_COMPILATION_MODE = wholemodule;
			};
			name = Release;
		};
		CC273D022FB8F45B006B4B89 /* Debug */ = {
			isa = XCBuildConfiguration;
			buildSettings = {
				ASSETCATALOG_COMPILER_APPICON_NAME = AppIcon;
				ASSETCATALOG_COMPILER_GLOBAL_ACCENT_COLOR_NAME = AccentColor;
				CODE_SIGN_ENTITLEMENTS = Celmi/Celmi.entitlements;
				CODE_SIGN_STYLE = Automatic;
				CURRENT_PROJECT_VERSION = 1;
				DEAD_CODE_STRIPPING = YES;
				DEVELOPMENT_TEAM = 88QL9VPLMY;
				ENABLE_APP_SANDBOX = YES;
				ENABLE_HARDENED_RUNTIME = YES;
				ENABLE_PREVIEWS = YES;
				ENABLE_USER_SELECTED_FILES = readonly;
				GENERATE_INFOPLIST_FILE = YES;
				INFOPLIST_FILE = Celmi/Info.plist;
				INFOPLIST_KEY_CFBundleDisplayName = Celmi;
				INFOPLIST_KEY_LSApplicationCategoryType = "public.app-category.lifestyle";
				"INFOPLIST_KEY_UIApplicationSceneManifest_Generation[sdk=iphoneos*]" = YES;
				"INFOPLIST_KEY_UIApplicationSceneManifest_Generation[sdk=iphonesimulator*]" = YES;
				"INFOPLIST_KEY_UIApplicationSupportsIndirectInputEvents[sdk=iphoneos*]" = YES;
				"INFOPLIST_KEY_UIApplicationSupportsIndirectInputEvents[sdk=iphonesimulator*]" = YES;
				"INFOPLIST_KEY_UILaunchScreen_Generation[sdk=iphoneos*]" = YES;
				"INFOPLIST_KEY_UILaunchScreen_Generation[sdk=iphonesimulator*]" = YES;
				"INFOPLIST_KEY_UIStatusBarStyle[sdk=iphoneos*]" = UIStatusBarStyleDefault;
				"INFOPLIST_KEY_UIStatusBarStyle[sdk=iphonesimulator*]" = UIStatusBarStyleDefault;
				INFOPLIST_KEY_UISupportedInterfaceOrientations_iPad = "UIInterfaceOrientationPortrait UIInterfaceOrientationPortraitUpsideDown UIInterfaceOrientationLandscapeLeft UIInterfaceOrientationLandscapeRight";
				INFOPLIST_KEY_UISupportedInterfaceOrientations_iPhone = "UIInterfaceOrientationPortrait UIInterfaceOrientationLandscapeLeft UIInterfaceOrientationLandscapeRight";
				IPHONEOS_DEPLOYMENT_TARGET = 26.0;
				LD_RUNPATH_SEARCH_PATHS = "@executable_path/Frameworks";
				"LD_RUNPATH_SEARCH_PATHS[sdk=macosx*]" = "@executable_path/../Frameworks";
				MACOSX_DEPLOYMENT_TARGET = 26.4;
				MARKETING_VERSION = 1.0.0;
				PRODUCT_BUNDLE_IDENTIFIER = com.transfinite.Celmi;
				PRODUCT_NAME = Celmi;
				REGISTER_APP_GROUPS = YES;
				SDKROOT = auto;
				STRING_CATALOG_GENERATE_SYMBOLS = YES;
				SUPPORTED_PLATFORMS = "iphoneos iphonesimulator macosx";
				SUPPORTS_MACCATALYST = NO;
				SWIFT_APPROACHABLE_CONCURRENCY = YES;
				SWIFT_DEFAULT_ACTOR_ISOLATION = MainActor;
				SWIFT_EMIT_LOC_STRINGS = YES;
				SWIFT_UPCOMING_FEATURE_MEMBER_IMPORT_VISIBILITY = YES;
				SWIFT_VERSION = 6.0;
				TARGETED_DEVICE_FAMILY = "1,2";
				XROS_DEPLOYMENT_TARGET = 26.4;
			};
			name = Debug;
		};
		CC273D032FB8F45B006B4B89 /* Release */ = {
			isa = XCBuildConfiguration;
			buildSettings = {
				ASSETCATALOG_COMPILER_APPICON_NAME = AppIcon;
				ASSETCATALOG_COMPILER_GLOBAL_ACCENT_COLOR_NAME = AccentColor;
				CODE_SIGN_ENTITLEMENTS = Celmi/Celmi.entitlements;
				CODE_SIGN_STYLE = Automatic;
				CURRENT_PROJECT_VERSION = 1;
				DEAD_CODE_STRIPPING = YES;
				DEVELOPMENT_TEAM = 88QL9VPLMY;
				ENABLE_APP_SANDBOX = YES;
				ENABLE_HARDENED_RUNTIME = YES;
				ENABLE_PREVIEWS = YES;
				ENABLE_USER_SELECTED_FILES = readonly;
				GENERATE_INFOPLIST_FILE = YES;
				INFOPLIST_FILE = Celmi/Info.plist;
				INFOPLIST_KEY_CFBundleDisplayName = Celmi;
				INFOPLIST_KEY_LSApplicationCategoryType = "public.app-category.lifestyle";
				"INFOPLIST_KEY_UIApplicationSceneManifest_Generation[sdk=iphoneos*]" = YES;
				"INFOPLIST_KEY_UIApplicationSceneManifest_Generation[sdk=iphonesimulator*]" = YES;
				"INFOPLIST_KEY_UIApplicationSupportsIndirectInputEvents[sdk=iphoneos*]" = YES;
				"INFOPLIST_KEY_UIApplicationSupportsIndirectInputEvents[sdk=iphonesimulator*]" = YES;
				"INFOPLIST_KEY_UILaunchScreen_Generation[sdk=iphoneos*]" = YES;
				"INFOPLIST_KEY_UILaunchScreen_Generation[sdk=iphonesimulator*]" = YES;
				"INFOPLIST_KEY_UIStatusBarStyle[sdk=iphoneos*]" = UIStatusBarStyleDefault;
				"INFOPLIST_KEY_UIStatusBarStyle[sdk=iphonesimulator*]" = UIStatusBarStyleDefault;
				INFOPLIST_KEY_UISupportedInterfaceOrientations_iPad = "UIInterfaceOrientationPortrait UIInterfaceOrientationPortraitUpsideDown UIInterfaceOrientationLandscapeLeft UIInterfaceOrientationLandscapeRight";
				INFOPLIST_KEY_UISupportedInterfaceOrientations_iPhone = "UIInterfaceOrientationPortrait UIInterfaceOrientationLandscapeLeft UIInterfaceOrientationLandscapeRight";
				IPHONEOS_DEPLOYMENT_TARGET = 26.0;
				LD_RUNPATH_SEARCH_PATHS = "@executable_path/Frameworks";
				"LD_RUNPATH_SEARCH_PATHS[sdk=macosx*]" = "@executable_path/../Frameworks";
				MACOSX_DEPLOYMENT_TARGET = 26.4;
				MARKETING_VERSION = 1.0.0;
				PRODUCT_BUNDLE_IDENTIFIER = com.transfinite.Celmi;
				PRODUCT_NAME = Celmi;
				REGISTER_APP_GROUPS = YES;
				SDKROOT = auto;
				STRING_CATALOG_GENERATE_SYMBOLS = YES;
				SUPPORTED_PLATFORMS = "iphoneos iphonesimulator macosx";
				SUPPORTS_MACCATALYST = NO;
				SWIFT_APPROACHABLE_CONCURRENCY = YES;
				SWIFT_DEFAULT_ACTOR_ISOLATION = MainActor;
				SWIFT_EMIT_LOC_STRINGS = YES;
				SWIFT_UPCOMING_FEATURE_MEMBER_IMPORT_VISIBILITY = YES;
				SWIFT_VERSION = 6.0;
				TARGETED_DEVICE_FAMILY = "1,2";
				XROS_DEPLOYMENT_TARGET = 26.4;
			};
			name = Release;
		};
		CC3BBE322FB8FF0500247EB6 /* Debug */ = {
			isa = XCBuildConfiguration;
			buildSettings = {
				BUNDLE_LOADER = "$(TEST_HOST)";
				CODE_SIGN_STYLE = Automatic;
				CURRENT_PROJECT_VERSION = 1;
				DEVELOPMENT_TEAM = 88QL9VPLMY;
				ENABLE_APP_SANDBOX = YES;
				ENABLE_HARDENED_RUNTIME = YES;
				ENABLE_OUTGOING_NETWORK_CONNECTIONS = YES;
				GENERATE_INFOPLIST_FILE = YES;
				IPHONEOS_DEPLOYMENT_TARGET = 26.0;
				MACOSX_DEPLOYMENT_TARGET = 26.4;
				MARKETING_VERSION = 1.0;
				PRODUCT_BUNDLE_IDENTIFIER = com.transfinite.CelmiTests;
				PRODUCT_NAME = "$(TARGET_NAME)";
				REGISTER_APP_GROUPS = YES;
				SDKROOT = iphoneos;
				STRING_CATALOG_GENERATE_SYMBOLS = NO;
				SUPPORTED_PLATFORMS = "iphoneos iphonesimulator macosx";
				SUPPORTS_MACCATALYST = NO;
				SUPPORTS_MAC_DESIGNED_FOR_IPHONE_IPAD = NO;
				SUPPORTS_XR_DESIGNED_FOR_IPHONE_IPAD = NO;
				SWIFT_APPROACHABLE_CONCURRENCY = YES;
				SWIFT_DEFAULT_ACTOR_ISOLATION = MainActor;
				SWIFT_EMIT_LOC_STRINGS = NO;
				SWIFT_UPCOMING_FEATURE_MEMBER_IMPORT_VISIBILITY = YES;
				SWIFT_VERSION = 6.0;
				TARGETED_DEVICE_FAMILY = "1,2";
				TEST_HOST = "$(BUILT_PRODUCTS_DIR)/Celmi.app/$(BUNDLE_EXECUTABLE_FOLDER_PATH)/Celmi";
			};
			name = Debug;
		};
		CC3BBE332FB8FF0500247EB6 /* Release */ = {
			isa = XCBuildConfiguration;
			buildSettings = {
				BUNDLE_LOADER = "$(TEST_HOST)";
				CODE_SIGN_STYLE = Automatic;
				CURRENT_PROJECT_VERSION = 1;
				DEVELOPMENT_TEAM = 88QL9VPLMY;
				GENERATE_INFOPLIST_FILE = YES;
				IPHONEOS_DEPLOYMENT_TARGET = 26.0;
				MACOSX_DEPLOYMENT_TARGET = 26.4;
				MARKETING_VERSION = 1.0;
				PRODUCT_BUNDLE_IDENTIFIER = com.transfinite.CelmiTests;
				PRODUCT_NAME = "$(TARGET_NAME)";
				SDKROOT = iphoneos;
				STRING_CATALOG_GENERATE_SYMBOLS = NO;
				SUPPORTED_PLATFORMS = "iphoneos iphonesimulator macosx";
				SUPPORTS_MACCATALYST = NO;
				SUPPORTS_MAC_DESIGNED_FOR_IPHONE_IPAD = NO;
				SUPPORTS_XR_DESIGNED_FOR_IPHONE_IPAD = NO;
				SWIFT_APPROACHABLE_CONCURRENCY = YES;
				SWIFT_DEFAULT_ACTOR_ISOLATION = MainActor;
				SWIFT_EMIT_LOC_STRINGS = NO;
				SWIFT_UPCOMING_FEATURE_MEMBER_IMPORT_VISIBILITY = YES;
				SWIFT_VERSION = 6.0;
				TARGETED_DEVICE_FAMILY = "1,2";
				TEST_HOST = "$(BUILT_PRODUCTS_DIR)/Celmi.app/$(BUNDLE_EXECUTABLE_FOLDER_PATH)/Celmi";
				VALIDATE_PRODUCT = YES;
			};
			name = Release;
		};
		CC4C000C2FB9000000247EB6 /* Debug */ = {
			isa = XCBuildConfiguration;
			buildSettings = {
				APPLICATION_EXTENSION_API_ONLY = YES;
				CODE_SIGN_ENTITLEMENTS = CelmiWidgetExtension/CelmiWidgetExtension.entitlements;
				CODE_SIGN_STYLE = Automatic;
				CURRENT_PROJECT_VERSION = 1;
				DEVELOPMENT_TEAM = 88QL9VPLMY;
				GENERATE_INFOPLIST_FILE = YES;
				INFOPLIST_FILE = CelmiWidgetExtension/Info.plist;
				IPHONEOS_DEPLOYMENT_TARGET = 26.0;
				LD_RUNPATH_SEARCH_PATHS = "$(inherited) @executable_path/Frameworks @executable_path/../../Frameworks";
				MACOSX_DEPLOYMENT_TARGET = 26.4;
				MARKETING_VERSION = 1.0.0;
				PRODUCT_BUNDLE_IDENTIFIER = com.transfinite.Celmi.widget;
				PRODUCT_NAME = "$(TARGET_NAME)";
				SDKROOT = auto;
				SKIP_INSTALL = YES;
				STRING_CATALOG_GENERATE_SYMBOLS = YES;
				SUPPORTED_PLATFORMS = "iphoneos iphonesimulator macosx";
				SUPPORTS_MACCATALYST = NO;
				SWIFT_APPROACHABLE_CONCURRENCY = YES;
				SWIFT_EMIT_LOC_STRINGS = YES;
				SWIFT_UPCOMING_FEATURE_MEMBER_IMPORT_VISIBILITY = YES;
				SWIFT_VERSION = 6.0;
				TARGETED_DEVICE_FAMILY = "1,2";
			};
			name = Debug;
		};
		CC4C000D2FB9000000247EB6 /* Release */ = {
			isa = XCBuildConfiguration;
			buildSettings = {
				APPLICATION_EXTENSION_API_ONLY = YES;
				CODE_SIGN_ENTITLEMENTS = CelmiWidgetExtension/CelmiWidgetExtension.entitlements;
				CODE_SIGN_STYLE = Automatic;
				CURRENT_PROJECT_VERSION = 1;
				DEVELOPMENT_TEAM = 88QL9VPLMY;
				GENERATE_INFOPLIST_FILE = YES;
				INFOPLIST_FILE = CelmiWidgetExtension/Info.plist;
				IPHONEOS_DEPLOYMENT_TARGET = 26.0;
				LD_RUNPATH_SEARCH_PATHS = "$(inherited) @executable_path/Frameworks @executable_path/../../Frameworks";
				MACOSX_DEPLOYMENT_TARGET = 26.4;
				MARKETING_VERSION = 1.0.0;
				PRODUCT_BUNDLE_IDENTIFIER = com.transfinite.Celmi.widget;
				PRODUCT_NAME = "$(TARGET_NAME)";
				SDKROOT = auto;
				SKIP_INSTALL = YES;
				STRING_CATALOG_GENERATE_SYMBOLS = YES;
				SUPPORTED_PLATFORMS = "iphoneos iphonesimulator macosx";
				SUPPORTS_MACCATALYST = NO;
				SWIFT_APPROACHABLE_CONCURRENCY = YES;
				SWIFT_EMIT_LOC_STRINGS = YES;
				SWIFT_UPCOMING_FEATURE_MEMBER_IMPORT_VISIBILITY = YES;
				SWIFT_VERSION = 6.0;
				TARGETED_DEVICE_FAMILY = "1,2";
				VALIDATE_PRODUCT = YES;
			};
			name = Release;
		};
/* End XCBuildConfiguration section */

/* Begin XCConfigurationList section */
		CC273CF12FB8F45A006B4B89 /* Build configuration list for PBXProject "Celmi" */ = {
			isa = XCConfigurationList;
			buildConfigurations = (
				CC273CFF2FB8F45B006B4B89 /* Debug */,
				CC273D002FB8F45B006B4B89 /* Release */,
			);
			defaultConfigurationIsVisible = 0;
			defaultConfigurationName = Release;
		};
		CC273D012FB8F45B006B4B89 /* Build configuration list for PBXNativeTarget "Celmi" */ = {
			isa = XCConfigurationList;
			buildConfigurations = (
				CC273D022FB8F45B006B4B89 /* Debug */,
				CC273D032FB8F45B006B4B89 /* Release */,
			);
			defaultConfigurationIsVisible = 0;
			defaultConfigurationName = Release;
		};
		CC3BBE312FB8FF0500247EB6 /* Build configuration list for PBXNativeTarget "CelmiTests" */ = {
			isa = XCConfigurationList;
			buildConfigurations = (
				CC3BBE322FB8FF0500247EB6 /* Debug */,
				CC3BBE332FB8FF0500247EB6 /* Release */,
			);
			defaultConfigurationIsVisible = 0;
			defaultConfigurationName = Release;
		};
		CC4C000E2FB9000000247EB6 /* Build configuration list for PBXNativeTarget "CelmiWidgetExtension" */ = {
			isa = XCConfigurationList;
			buildConfigurations = (
				CC4C000C2FB9000000247EB6 /* Debug */,
				CC4C000D2FB9000000247EB6 /* Release */,
			);
			defaultConfigurationIsVisible = 0;
			defaultConfigurationName = Release;
		};
/* End XCConfigurationList section */

/* Begin XCRemoteSwiftPackageReference section */
		CC3BBE182FB8F7F600247EB6 /* XCRemoteSwiftPackageReference "GentleNotification" */ = {
			isa = XCRemoteSwiftPackageReference;
			repositoryURL = "https://github.com/gomez1112/GentleNotification";
			requirement = {
				branch = main;
				kind = branch;
			};
		};
		CC3BBE1B2FB8F80800247EB6 /* XCRemoteSwiftPackageReference "OnboardingKit" */ = {
			isa = XCRemoteSwiftPackageReference;
			repositoryURL = "https://github.com/gomez1112/OnboardingKit";
			requirement = {
				kind = upToNextMajorVersion;
				minimumVersion = 1.2.1;
			};
		};
		CC3BBE1E2FB8F81600247EB6 /* XCRemoteSwiftPackageReference "EZSwiftData" */ = {
			isa = XCRemoteSwiftPackageReference;
			repositoryURL = "https://github.com/gomez1112/EZSwiftData";
			requirement = {
				kind = upToNextMajorVersion;
				minimumVersion = 1.1.1;
			};
		};
		CC3BBE212FB8F82600247EB6 /* XCRemoteSwiftPackageReference "FlexStore" */ = {
			isa = XCRemoteSwiftPackageReference;
			repositoryURL = "https://github.com/gomez1112/FlexStore";
			requirement = {
				kind = upToNextMajorVersion;
				minimumVersion = 1.1.1;
			};
		};
/* End XCRemoteSwiftPackageReference section */

/* Begin XCSwiftPackageProductDependency section */
		CC3BBE192FB8F7F600247EB6 /* GentleNotification */ = {
			isa = XCSwiftPackageProductDependency;
			package = CC3BBE182FB8F7F600247EB6 /* XCRemoteSwiftPackageReference "GentleNotification" */;
			productName = GentleNotification;
		};
		CC3BBE1C2FB8F80800247EB6 /* OnboardingKit */ = {
			isa = XCSwiftPackageProductDependency;
			package = CC3BBE1B2FB8F80800247EB6 /* XCRemoteSwiftPackageReference "OnboardingKit" */;
			productName = OnboardingKit;
		};
		CC3BBE1F2FB8F81600247EB6 /* EZSwiftData */ = {
			isa = XCSwiftPackageProductDependency;
			package = CC3BBE1E2FB8F81600247EB6 /* XCRemoteSwiftPackageReference "EZSwiftData" */;
			productName = EZSwiftData;
		};
		CC3BBE222FB8F82600247EB6 /* FlexStore */ = {
			isa = XCSwiftPackageProductDependency;
			package = CC3BBE212FB8F82600247EB6 /* XCRemoteSwiftPackageReference "FlexStore" */;
			productName = FlexStore;
		};
/* End XCSwiftPackageProductDependency section */
	};
	rootObject = CC273CEE2FB8F45A006B4B89 /* Project object */;
}
